
Microsoft Visual Studio Solution File, Format Version 12.00
# Visual Studio 2013
VisualStudioVersion = 12.0.0.0
MinimumVisualStudioVersion = 10.0.0.1
Project("{8BB2217D-0F2D-49D1-97BC-3654ED321F3B}") = "entityFramework.App", "entityFramework.App.xproj", "{3C5FF947-2DBC-4C1B-97B2-36374B181D22}"
EndProject
Project("{8BB2217D-0F2D-49D1-97BC-3654ED321F3B}") = "entityFramework.Test", "..\..\test\entityFramework.Test\entityFramework.Test.xproj", "{4DDA237A-6007-443B-BB53-6B1588E0FD9D}"
EndProject
Project("{FAE04EC0-301F-11D3-BF4B-00C04F79EFBC}") = "entityFramework.Data", "entityFramework.Data\entityFramework.Data.csproj", "{90521EC1-D6B3-4508-9D9B-8175DEB2C658}"
EndProject
Global
	GlobalSection(SolutionConfigurationPlatforms) = preSolution
		Debug|Any CPU = Debug|Any CPU
		Release|Any CPU = Release|Any CPU
	EndGlobalSection
	GlobalSection(ProjectConfigurationPlatforms) = postSolution
		{3C5FF947-2DBC-4C1B-97B2-36374B181D22}.Debug|Any CPU.ActiveCfg = Debug|Any CPU
		{3C5FF947-2DBC-4C1B-97B2-36374B181D22}.Debug|Any CPU.Build.0 = Debug|Any CPU
		{3C5FF947-2DBC-4C1B-97B2-36374B181D22}.Release|Any CPU.ActiveCfg = Release|Any CPU
		{3C5FF947-2DBC-4C1B-97B2-36374B181D22}.Release|Any CPU.Build.0 = Release|Any CPU
		{4DDA237A-6007-443B-BB53-6B1588E0FD9D}.Debug|Any CPU.ActiveCfg = Debug|Any CPU
		{4DDA237A-6007-443B-BB53-6B1588E0FD9D}.Debug|Any CPU.Build.0 = Debug|Any CPU
		{4DDA237A-6007-443B-BB53-6B1588E0FD9D}.Release|Any CPU.ActiveCfg = Release|Any CPU
		{4DDA237A-6007-443B-BB53-6B1588E0FD9D}.Release|Any CPU.Build.0 = Release|Any CPU
		{90521EC1-D6B3-4508-9D9B-8175DEB2C658}.Debug|Any CPU.ActiveCfg = Debug|Any CPU
		{90521EC1-D6B3-4508-9D9B-8175DEB2C658}.Debug|Any CPU.Build.0 = Debug|Any CPU
		{90521EC1-D6B3-4508-9D9B-8175DEB2C658}.Release|Any CPU.ActiveCfg = Release|Any CPU
		{90521EC1-D6B3-4508-9D9B-8175DEB2C658}.Release|Any CPU.Build.0 = Release|Any CPU
	EndGlobalSection
	GlobalSection(SolutionProperties) = preSolution
		HideSolutionNode = FALSE
	EndGlobalSection
EndGlobal
